// !$*UTF8*$!
{
	archiveVersion = 1;
	classes = {
	};
	objectVersion = 52;
	objects = {

/* Begin PBXBuildFile section */
		383879C0AE500539D45E3F18 /* Pods_Student_Schedule_Planner.framework in Frameworks */ = {isa = PBXBuildFile; fileRef = 9A54780895BEFCEF2A178C71 /* Pods_Student_Schedule_Planner.framework */; };
		3F0AEB1624BA8284001501F3 /* Note.swift in Sources */ = {isa = PBXBuildFile; fileRef = 3F0AEB1524BA8284001501F3 /* Note.swift */; };
		3F0AEB1824BA83C7001501F3 /* NoteCell.swift in Sources */ = {isa = PBXBuildFile; fileRef = 3F0AEB1724BA83C7001501F3 /* NoteCell.swift */; };
		3F0AEB1C24BB617D001501F3 /* SwipeNoCompleteViewController.swift in Sources */ = {isa = PBXBuildFile; fileRef = 3F0AEB1B24BB617D001501F3 /* SwipeNoCompleteViewController.swift */; };
		3F0AEB1E24BB79A0001501F3 /* NotesViewControlelr.swift in Sources */ = {isa = PBXBuildFile; fileRef = 3F0AEB1D24BB79A0001501F3 /* NotesViewControlelr.swift */; };
		3F0AEB2224BBB9C3001501F3 /* RoutinesViewController.swift in Sources */ = {isa = PBXBuildFile; fileRef = 3F0AEB2124BBB9C3001501F3 /* RoutinesViewController.swift */; };
		3F0AEB2424BBBBC7001501F3 /* Routine.swift in Sources */ = {isa = PBXBuildFile; fileRef = 3F0AEB2324BBBBC7001501F3 /* Routine.swift */; };
		3F0AEB2924BBC295001501F3 /* RoutineService.swift in Sources */ = {isa = PBXBuildFile; fileRef = 3F0AEB2824BBC295001501F3 /* RoutineService.swift */; };
		3F0AEB2B24BCD0AB001501F3 /* AddNotesViewController.swift in Sources */ = {isa = PBXBuildFile; fileRef = 3F0AEB2A24BCD0AB001501F3 /* AddNotesViewController.swift */; };
		3F383E5C2486B25E00D2A5D1 /* AppDelegate.swift in Sources */ = {isa = PBXBuildFile; fileRef = 3F383E5B2486B25E00D2A5D1 /* AppDelegate.swift */; };
		3F383E5E2486B25E00D2A5D1 /* SceneDelegate.swift in Sources */ = {isa = PBXBuildFile; fileRef = 3F383E5D2486B25E00D2A5D1 /* SceneDelegate.swift */; };
		3F383E652486B26100D2A5D1 /* Assets.xcassets in Resources */ = {isa = PBXBuildFile; fileRef = 3F383E642486B26100D2A5D1 /* Assets.xcassets */; };
		3F383E682486B26100D2A5D1 /* LaunchScreen.storyboard in Resources */ = {isa = PBXBuildFile; fileRef = 3F383E662486B26100D2A5D1 /* LaunchScreen.storyboard */; };
		3F383E732486B2EE00D2A5D1 /* TimelineViewController.swift in Sources */ = {isa = PBXBuildFile; fileRef = 3F383E722486B2EE00D2A5D1 /* TimelineViewController.swift */; };
		3F383E782486B45B00D2A5D1 /* Extensions.swift in Sources */ = {isa = PBXBuildFile; fileRef = 3F383E772486B45B00D2A5D1 /* Extensions.swift */; };
		3F383E7A2486BD0600D2A5D1 /* Factories.swift in Sources */ = {isa = PBXBuildFile; fileRef = 3F383E792486BD0600D2A5D1 /* Factories.swift */; };
		3F59234624A13798008F45D6 /* Assignment.swift in Sources */ = {isa = PBXBuildFile; fileRef = 3F59234524A13798008F45D6 /* Assignment.swift */; };
		3F59239C24A17677008F45D6 /* PentagonView.swift in Sources */ = {isa = PBXBuildFile; fileRef = 3F59239B24A17677008F45D6 /* PentagonView.swift */; };
		3F5923BE24AA9FCC008F45D6 /* SummativesViewController.swift in Sources */ = {isa = PBXBuildFile; fileRef = 3F5923BD24AA9FCC008F45D6 /* SummativesViewController.swift */; };
		3F5923C424AC0C13008F45D6 /* SelectSummativeTypeViewController.swift in Sources */ = {isa = PBXBuildFile; fileRef = 3F5923C324AC0C13008F45D6 /* SelectSummativeTypeViewController.swift */; };
		3F63BF9524B7CB0B00404806 /* ColorsViewController.swift in Sources */ = {isa = PBXBuildFile; fileRef = 3F63BF9424B7CB0B00404806 /* ColorsViewController.swift */; };
		3F67BBF124872A4C00BFD6E5 /* AddTaskViewController.swift in Sources */ = {isa = PBXBuildFile; fileRef = 3F67BBF024872A4C00BFD6E5 /* AddTaskViewController.swift */; };
		3F67BBF324880F1B00BFD6E5 /* TaskCell.swift in Sources */ = {isa = PBXBuildFile; fileRef = 3F67BBF224880F1B00BFD6E5 /* TaskCell.swift */; };
		3F67BBFC24893AF100BFD6E5 /* Task.swift in Sources */ = {isa = PBXBuildFile; fileRef = 3F67BBFB24893AF100BFD6E5 /* Task.swift */; };
		3F67BC012489AB6E00BFD6E5 /* SwipeCellKit in Frameworks */ = {isa = PBXBuildFile; productRef = 3F67BC002489AB6E00BFD6E5 /* SwipeCellKit */; };
		3F67BC05248C7B9E00BFD6E5 /* TaskService.swift in Sources */ = {isa = PBXBuildFile; fileRef = 3F67BC04248C7B9E00BFD6E5 /* TaskService.swift */; };
		3F67BC27248EDE4200BFD6E5 /* SetReminderViewController.swift in Sources */ = {isa = PBXBuildFile; fileRef = 3F67BC26248EDE4100BFD6E5 /* SetReminderViewController.swift */; };
		3F67BC29248EE6AA00BFD6E5 /* PickerViewController.swift in Sources */ = {isa = PBXBuildFile; fileRef = 3F67BC28248EE6AA00BFD6E5 /* PickerViewController.swift */; };
		3F94E2C72492963400B0F958 /* Course.swift in Sources */ = {isa = PBXBuildFile; fileRef = 3F94E2C62492963400B0F958 /* Course.swift */; };
		3F94E2C924929CF600B0F958 /* AllCoursesService.swift in Sources */ = {isa = PBXBuildFile; fileRef = 3F94E2C824929CF600B0F958 /* AllCoursesService.swift */; };
		3F94E2CB24929E4200B0F958 /* CoursesViewController.swift in Sources */ = {isa = PBXBuildFile; fileRef = 3F94E2CA24929E4200B0F958 /* CoursesViewController.swift */; };
		3F94E2CD2492A68B00B0F958 /* CourseCell.swift in Sources */ = {isa = PBXBuildFile; fileRef = 3F94E2CC2492A68B00B0F958 /* CourseCell.swift */; };
		3F94E2D12492CD0100B0F958 /* CourseDetailsViewController.swift in Sources */ = {isa = PBXBuildFile; fileRef = 3F94E2D02492CD0100B0F958 /* CourseDetailsViewController.swift */; };
		3F94E2D52492E3B700B0F958 /* SwipeCompleteViewController.swift in Sources */ = {isa = PBXBuildFile; fileRef = 3F94E2D42492E3B700B0F958 /* SwipeCompleteViewController.swift */; };
		3F94E2D72492FDD100B0F958 /* TabBarController.swift in Sources */ = {isa = PBXBuildFile; fileRef = 3F94E2D62492FDD100B0F958 /* TabBarController.swift */; };
		3F94E3212495A35B00B0F958 /* SingleClassCell.swift in Sources */ = {isa = PBXBuildFile; fileRef = 3F94E3202495A35B00B0F958 /* SingleClassCell.swift */; };
		3F94E3252496895900B0F958 /* AssignmentCell.swift in Sources */ = {isa = PBXBuildFile; fileRef = 3F94E3242496895900B0F958 /* AssignmentCell.swift */; };
		3F94E32724968FED00B0F958 /* QuizAndExamCell.swift in Sources */ = {isa = PBXBuildFile; fileRef = 3F94E32624968FED00B0F958 /* QuizAndExamCell.swift */; };
		3F94E3292496A90500B0F958 /* AddClassViewController.swift in Sources */ = {isa = PBXBuildFile; fileRef = 3F94E3282496A90500B0F958 /* AddClassViewController.swift */; };
		3F94E32D2496E15E00B0F958 /* ClassTypeAndRepeatsViewController.swift in Sources */ = {isa = PBXBuildFile; fileRef = 3F94E32C2496E15E00B0F958 /* ClassTypeAndRepeatsViewController.swift */; };
		3FA87E3A24BFA09200FEC176 /* WeekViewController.swift in Sources */ = {isa = PBXBuildFile; fileRef = 3FA87E3924BFA09200FEC176 /* WeekViewController.swift */; };
		3FA87E3C24BFA53800FEC176 /* WeekCell.swift in Sources */ = {isa = PBXBuildFile; fileRef = 3FA87E3B24BFA53800FEC176 /* WeekCell.swift */; };
		3FAEC8262496F816000ADD9D /* SingleClass.swift in Sources */ = {isa = PBXBuildFile; fileRef = 3FAEC8252496F816000ADD9D /* SingleClass.swift */; };
		3FAEC82E2496FCC1000ADD9D /* SingleClassService.swift in Sources */ = {isa = PBXBuildFile; fileRef = 3FAEC82D2496FCC1000ADD9D /* SingleClassService.swift */; };
		3FAEC83A2497FD1A000ADD9D /* CourseService.swift in Sources */ = {isa = PBXBuildFile; fileRef = 3FAEC8392497FD1A000ADD9D /* CourseService.swift */; };
		3FAEC83C2499242C000ADD9D /* AddAssignmentViewController.swift in Sources */ = {isa = PBXBuildFile; fileRef = 3FAEC83B2499242B000ADD9D /* AddAssignmentViewController.swift */; };
		3FAEC84024992C2A000ADD9D /* AddQuizAndExamViewController.swift in Sources */ = {isa = PBXBuildFile; fileRef = 3FAEC83F24992C2A000ADD9D /* AddQuizAndExamViewController.swift */; };
		3FAEC84A249BF85A000ADD9D /* AddCourseViewController.swift in Sources */ = {isa = PBXBuildFile; fileRef = 3FAEC849249BF859000ADD9D /* AddCourseViewController.swift */; };
/* End PBXBuildFile section */

/* Begin PBXFileReference section */
		3F0AEB1524BA8284001501F3 /* Note.swift */ = {isa = PBXFileReference; lastKnownFileType = sourcecode.swift; path = Note.swift; sourceTree = "<group>"; };
		3F0AEB1724BA83C7001501F3 /* NoteCell.swift */ = {isa = PBXFileReference; lastKnownFileType = sourcecode.swift; path = NoteCell.swift; sourceTree = "<group>"; };
		3F0AEB1B24BB617D001501F3 /* SwipeNoCompleteViewController.swift */ = {isa = PBXFileReference; lastKnownFileType = sourcecode.swift; path = SwipeNoCompleteViewController.swift; sourceTree = "<group>"; };
		3F0AEB1D24BB79A0001501F3 /* NotesViewControlelr.swift */ = {isa = PBXFileReference; lastKnownFileType = sourcecode.swift; path = NotesViewControlelr.swift; sourceTree = "<group>"; };
		3F0AEB2124BBB9C3001501F3 /* RoutinesViewController.swift */ = {isa = PBXFileReference; lastKnownFileType = sourcecode.swift; path = RoutinesViewController.swift; sourceTree = "<group>"; };
		3F0AEB2324BBBBC7001501F3 /* Routine.swift */ = {isa = PBXFileReference; lastKnownFileType = sourcecode.swift; path = Routine.swift; sourceTree = "<group>"; };
		3F0AEB2824BBC295001501F3 /* RoutineService.swift */ = {isa = PBXFileReference; lastKnownFileType = sourcecode.swift; path = RoutineService.swift; sourceTree = "<group>"; };
		3F0AEB2A24BCD0AB001501F3 /* AddNotesViewController.swift */ = {isa = PBXFileReference; lastKnownFileType = sourcecode.swift; path = AddNotesViewController.swift; sourceTree = "<group>"; };
		3F383E582486B25E00D2A5D1 /* UniPlan.app */ = {isa = PBXFileReference; explicitFileType = wrapper.application; includeInIndex = 0; path = UniPlan.app; sourceTree = BUILT_PRODUCTS_DIR; };
		3F383E5B2486B25E00D2A5D1 /* AppDelegate.swift */ = {isa = PBXFileReference; lastKnownFileType = sourcecode.swift; path = AppDelegate.swift; sourceTree = "<group>"; };
		3F383E5D2486B25E00D2A5D1 /* SceneDelegate.swift */ = {isa = PBXFileReference; lastKnownFileType = sourcecode.swift; path = SceneDelegate.swift; sourceTree = "<group>"; };
		3F383E642486B26100D2A5D1 /* Assets.xcassets */ = {isa = PBXFileReference; lastKnownFileType = folder.assetcatalog; path = Assets.xcassets; sourceTree = "<group>"; };
		3F383E672486B26100D2A5D1 /* Base */ = {isa = PBXFileReference; lastKnownFileType = file.storyboard; name = Base; path = Base.lproj/LaunchScreen.storyboard; sourceTree = "<group>"; };
		3F383E692486B26100D2A5D1 /* Info.plist */ = {isa = PBXFileReference; lastKnownFileType = text.plist.xml; path = Info.plist; sourceTree = "<group>"; };
		3F383E722486B2EE00D2A5D1 /* TimelineViewController.swift */ = {isa = PBXFileReference; lastKnownFileType = sourcecode.swift; path = TimelineViewController.swift; sourceTree = "<group>"; };
		3F383E772486B45B00D2A5D1 /* Extensions.swift */ = {isa = PBXFileReference; lastKnownFileType = sourcecode.swift; path = Extensions.swift; sourceTree = "<group>"; };
		3F383E792486BD0600D2A5D1 /* Factories.swift */ = {isa = PBXFileReference; lastKnownFileType = sourcecode.swift; path = Factories.swift; sourceTree = "<group>"; };
		3F59234524A13798008F45D6 /* Assignment.swift */ = {isa = PBXFileReference; lastKnownFileType = sourcecode.swift; path = Assignment.swift; sourceTree = "<group>"; };
		3F59239B24A17677008F45D6 /* PentagonView.swift */ = {isa = PBXFileReference; lastKnownFileType = sourcecode.swift; path = PentagonView.swift; sourceTree = "<group>"; };
		3F5923BD24AA9FCC008F45D6 /* SummativesViewController.swift */ = {isa = PBXFileReference; lastKnownFileType = sourcecode.swift; path = SummativesViewController.swift; sourceTree = "<group>"; };
		3F5923C324AC0C13008F45D6 /* SelectSummativeTypeViewController.swift */ = {isa = PBXFileReference; lastKnownFileType = sourcecode.swift; path = SelectSummativeTypeViewController.swift; sourceTree = "<group>"; };
		3F63BF9424B7CB0B00404806 /* ColorsViewController.swift */ = {isa = PBXFileReference; lastKnownFileType = sourcecode.swift; path = ColorsViewController.swift; sourceTree = "<group>"; };
		3F67BBF024872A4C00BFD6E5 /* AddTaskViewController.swift */ = {isa = PBXFileReference; lastKnownFileType = sourcecode.swift; path = AddTaskViewController.swift; sourceTree = "<group>"; };
		3F67BBF224880F1B00BFD6E5 /* TaskCell.swift */ = {isa = PBXFileReference; lastKnownFileType = sourcecode.swift; path = TaskCell.swift; sourceTree = "<group>"; };
		3F67BBFB24893AF100BFD6E5 /* Task.swift */ = {isa = PBXFileReference; lastKnownFileType = sourcecode.swift; name = Task.swift; path = Course/Task.swift; sourceTree = "<group>"; };
		3F67BC04248C7B9E00BFD6E5 /* TaskService.swift */ = {isa = PBXFileReference; lastKnownFileType = sourcecode.swift; path = TaskService.swift; sourceTree = "<group>"; };
		3F67BC26248EDE4100BFD6E5 /* SetReminderViewController.swift */ = {isa = PBXFileReference; lastKnownFileType = sourcecode.swift; path = SetReminderViewController.swift; sourceTree = "<group>"; };
		3F67BC28248EE6AA00BFD6E5 /* PickerViewController.swift */ = {isa = PBXFileReference; lastKnownFileType = sourcecode.swift; path = PickerViewController.swift; sourceTree = "<group>"; };
		3F94E2C62492963400B0F958 /* Course.swift */ = {isa = PBXFileReference; lastKnownFileType = sourcecode.swift; path = Course.swift; sourceTree = "<group>"; };
		3F94E2C824929CF600B0F958 /* AllCoursesService.swift */ = {isa = PBXFileReference; lastKnownFileType = sourcecode.swift; path = AllCoursesService.swift; sourceTree = "<group>"; };
		3F94E2CA24929E4200B0F958 /* CoursesViewController.swift */ = {isa = PBXFileReference; lastKnownFileType = sourcecode.swift; path = CoursesViewController.swift; sourceTree = "<group>"; };
		3F94E2CC2492A68B00B0F958 /* CourseCell.swift */ = {isa = PBXFileReference; lastKnownFileType = sourcecode.swift; path = CourseCell.swift; sourceTree = "<group>"; };
		3F94E2D02492CD0100B0F958 /* CourseDetailsViewController.swift */ = {isa = PBXFileReference; lastKnownFileType = sourcecode.swift; path = CourseDetailsViewController.swift; sourceTree = "<group>"; };
		3F94E2D42492E3B700B0F958 /* SwipeCompleteViewController.swift */ = {isa = PBXFileReference; lastKnownFileType = sourcecode.swift; path = SwipeCompleteViewController.swift; sourceTree = "<group>"; };
		3F94E2D62492FDD100B0F958 /* TabBarController.swift */ = {isa = PBXFileReference; lastKnownFileType = sourcecode.swift; path = TabBarController.swift; sourceTree = "<group>"; };
		3F94E3202495A35B00B0F958 /* SingleClassCell.swift */ = {isa = PBXFileReference; lastKnownFileType = sourcecode.swift; path = SingleClassCell.swift; sourceTree = "<group>"; };
		3F94E3242496895900B0F958 /* AssignmentCell.swift */ = {isa = PBXFileReference; lastKnownFileType = sourcecode.swift; path = AssignmentCell.swift; sourceTree = "<group>"; };
		3F94E32624968FED00B0F958 /* QuizAndExamCell.swift */ = {isa = PBXFileReference; lastKnownFileType = sourcecode.swift; path = QuizAndExamCell.swift; sourceTree = "<group>"; };
		3F94E3282496A90500B0F958 /* AddClassViewController.swift */ = {isa = PBXFileReference; lastKnownFileType = sourcecode.swift; path = AddClassViewController.swift; sourceTree = "<group>"; };
		3F94E32C2496E15E00B0F958 /* ClassTypeAndRepeatsViewController.swift */ = {isa = PBXFileReference; lastKnownFileType = sourcecode.swift; path = ClassTypeAndRepeatsViewController.swift; sourceTree = "<group>"; };
		3FA87E3924BFA09200FEC176 /* WeekViewController.swift */ = {isa = PBXFileReference; lastKnownFileType = sourcecode.swift; path = WeekViewController.swift; sourceTree = "<group>"; };
		3FA87E3B24BFA53800FEC176 /* WeekCell.swift */ = {isa = PBXFileReference; lastKnownFileType = sourcecode.swift; path = WeekCell.swift; sourceTree = "<group>"; };
		3FAEC8252496F816000ADD9D /* SingleClass.swift */ = {isa = PBXFileReference; lastKnownFileType = sourcecode.swift; path = SingleClass.swift; sourceTree = "<group>"; };
		3FAEC82D2496FCC1000ADD9D /* SingleClassService.swift */ = {isa = PBXFileReference; lastKnownFileType = sourcecode.swift; path = SingleClassService.swift; sourceTree = "<group>"; };
		3FAEC8392497FD1A000ADD9D /* CourseService.swift */ = {isa = PBXFileReference; lastKnownFileType = sourcecode.swift; path = CourseService.swift; sourceTree = "<group>"; };
		3FAEC83B2499242B000ADD9D /* AddAssignmentViewController.swift */ = {isa = PBXFileReference; lastKnownFileType = sourcecode.swift; path = AddAssignmentViewController.swift; sourceTree = "<group>"; };
		3FAEC83F24992C2A000ADD9D /* AddQuizAndExamViewController.swift */ = {isa = PBXFileReference; lastKnownFileType = sourcecode.swift; path = AddQuizAndExamViewController.swift; sourceTree = "<group>"; };
		3FAEC849249BF859000ADD9D /* AddCourseViewController.swift */ = {isa = PBXFileReference; lastKnownFileType = sourcecode.swift; path = AddCourseViewController.swift; sourceTree = "<group>"; };
		8E06086E3544786A6DA9157B /* Pods-Student Schedule Planner.release.xcconfig */ = {isa = PBXFileReference; includeInIndex = 1; lastKnownFileType = text.xcconfig; name = "Pods-Student Schedule Planner.release.xcconfig"; path = "Target Support Files/Pods-Student Schedule Planner/Pods-Student Schedule Planner.release.xcconfig"; sourceTree = "<group>"; };
		9318D2EFB62EA01CADAC290D /* Pods-Student Schedule Planner.debug.xcconfig */ = {isa = PBXFileReference; includeInIndex = 1; lastKnownFileType = text.xcconfig; name = "Pods-Student Schedule Planner.debug.xcconfig"; path = "Target Support Files/Pods-Student Schedule Planner/Pods-Student Schedule Planner.debug.xcconfig"; sourceTree = "<group>"; };
		9A54780895BEFCEF2A178C71 /* Pods_Student_Schedule_Planner.framework */ = {isa = PBXFileReference; explicitFileType = wrapper.framework; includeInIndex = 0; path = Pods_Student_Schedule_Planner.framework; sourceTree = BUILT_PRODUCTS_DIR; };
/* End PBXFileReference section */

/* Begin PBXFrameworksBuildPhase section */
		3F383E552486B25E00D2A5D1 /* Frameworks */ = {
			isa = PBXFrameworksBuildPhase;
			buildActionMask = 2147483647;
			files = (
				3F67BC012489AB6E00BFD6E5 /* SwipeCellKit in Frameworks */,
				383879C0AE500539D45E3F18 /* Pods_Student_Schedule_Planner.framework in Frameworks */,
			);
			runOnlyForDeploymentPostprocessing = 0;
		};
/* End PBXFrameworksBuildPhase section */

/* Begin PBXGroup section */
		3F383E4F2486B25E00D2A5D1 = {
			isa = PBXGroup;
			children = (
				3F383E5A2486B25E00D2A5D1 /* Student Schedule Planner */,
				3F383E592486B25E00D2A5D1 /* Products */,
				EB51BD14A51AC2E3C68B29D5 /* Pods */,
				CA6EC8394D26E05789761C8F /* Frameworks */,
			);
			sourceTree = "<group>";
		};
		3F383E592486B25E00D2A5D1 /* Products */ = {
			isa = PBXGroup;
			children = (
				3F383E582486B25E00D2A5D1 /* UniPlan.app */,
			);
			name = Products;
			sourceTree = "<group>";
		};
		3F383E5A2486B25E00D2A5D1 /* Student Schedule Planner */ = {
			isa = PBXGroup;
			children = (
				3F383E762486B44800D2A5D1 /* Utilities */,
				3F383E6F2486B26C00D2A5D1 /* Model */,
				3F383E702486B27700D2A5D1 /* View */,
				3F383E712486B29100D2A5D1 /* Controller */,
				3FAEC8362497D545000ADD9D /* Supporting Files */,
				3F383E642486B26100D2A5D1 /* Assets.xcassets */,
				3F383E662486B26100D2A5D1 /* LaunchScreen.storyboard */,
				3F383E692486B26100D2A5D1 /* Info.plist */,
			);
			path = "Student Schedule Planner";
			sourceTree = "<group>";
		};
		3F383E6F2486B26C00D2A5D1 /* Model */ = {
			isa = PBXGroup;
			children = (
				3F59234524A13798008F45D6 /* Assignment.swift */,
				3F94E2C824929CF600B0F958 /* AllCoursesService.swift */,
				3F94E2C62492963400B0F958 /* Course.swift */,
				3FAEC8392497FD1A000ADD9D /* CourseService.swift */,
				3F0AEB1524BA8284001501F3 /* Note.swift */,
				3FAEC8252496F816000ADD9D /* SingleClass.swift */,
				3FAEC82D2496FCC1000ADD9D /* SingleClassService.swift */,
				3F67BBFB24893AF100BFD6E5 /* Task.swift */,
				3F67BC04248C7B9E00BFD6E5 /* TaskService.swift */,
				3F0AEB2324BBBBC7001501F3 /* Routine.swift */,
				3F0AEB2824BBC295001501F3 /* RoutineService.swift */,
			);
			path = Model;
			sourceTree = "<group>";
		};
		3F383E702486B27700D2A5D1 /* View */ = {
			isa = PBXGroup;
			children = (
				3F94E3242496895900B0F958 /* AssignmentCell.swift */,
				3F94E2CC2492A68B00B0F958 /* CourseCell.swift */,
				3F94E3202495A35B00B0F958 /* SingleClassCell.swift */,
				3F67BBF224880F1B00BFD6E5 /* TaskCell.swift */,
				3F94E32624968FED00B0F958 /* QuizAndExamCell.swift */,
				3F59239B24A17677008F45D6 /* PentagonView.swift */,
				3F0AEB1724BA83C7001501F3 /* NoteCell.swift */,
				3FA87E3B24BFA53800FEC176 /* WeekCell.swift */,
			);
			path = View;
			sourceTree = "<group>";
		};
		3F383E712486B29100D2A5D1 /* Controller */ = {
			isa = PBXGroup;
			children = (
				3F94E2D62492FDD100B0F958 /* TabBarController.swift */,
				3F67BC28248EE6AA00BFD6E5 /* PickerViewController.swift */,
				3F94E2D42492E3B700B0F958 /* SwipeCompleteViewController.swift */,
				3F0AEB1B24BB617D001501F3 /* SwipeNoCompleteViewController.swift */,
				3FA87E3924BFA09200FEC176 /* WeekViewController.swift */,
				3FAEC8352497D524000ADD9D /* Course */,
			);
			path = Controller;
			sourceTree = "<group>";
		};
		3F383E762486B44800D2A5D1 /* Utilities */ = {
			isa = PBXGroup;
			children = (
				3F383E772486B45B00D2A5D1 /* Extensions.swift */,
				3F383E792486BD0600D2A5D1 /* Factories.swift */,
			);
			path = Utilities;
			sourceTree = "<group>";
		};
		3FAEC8352497D524000ADD9D /* Course */ = {
			isa = PBXGroup;
			children = (
				3F94E2CA24929E4200B0F958 /* CoursesViewController.swift */,
				3F0AEB1D24BB79A0001501F3 /* NotesViewControlelr.swift */,
				3F0AEB2124BBB9C3001501F3 /* RoutinesViewController.swift */,
				3F5923BD24AA9FCC008F45D6 /* SummativesViewController.swift */,
				3F383E722486B2EE00D2A5D1 /* TimelineViewController.swift */,
				3F63BF9424B7CB0B00404806 /* ColorsViewController.swift */,
				3F94E2D02492CD0100B0F958 /* CourseDetailsViewController.swift */,
				3F94E32C2496E15E00B0F958 /* ClassTypeAndRepeatsViewController.swift */,
				3F5923C324AC0C13008F45D6 /* SelectSummativeTypeViewController.swift */,
				3F67BC26248EDE4100BFD6E5 /* SetReminderViewController.swift */,
				3F94E3282496A90500B0F958 /* AddClassViewController.swift */,
				3FAEC83B2499242B000ADD9D /* AddAssignmentViewController.swift */,
				3FAEC83F24992C2A000ADD9D /* AddQuizAndExamViewController.swift */,
				3FAEC849249BF859000ADD9D /* AddCourseViewController.swift */,
				3F67BBF024872A4C00BFD6E5 /* AddTaskViewController.swift */,
				3F0AEB2A24BCD0AB001501F3 /* AddNotesViewController.swift */,
			);
			path = Course;
			sourceTree = "<group>";
		};
		3FAEC8362497D545000ADD9D /* Supporting Files */ = {
			isa = PBXGroup;
			children = (
				3F383E5B2486B25E00D2A5D1 /* AppDelegate.swift */,
				3F383E5D2486B25E00D2A5D1 /* SceneDelegate.swift */,
			);
			path = "Supporting Files";
			sourceTree = "<group>";
		};
		CA6EC8394D26E05789761C8F /* Frameworks */ = {
			isa = PBXGroup;
			children = (
				9A54780895BEFCEF2A178C71 /* Pods_Student_Schedule_Planner.framework */,
			);
			name = Frameworks;
			sourceTree = "<group>";
		};
		EB51BD14A51AC2E3C68B29D5 /* Pods */ = {
			isa = PBXGroup;
			children = (
				9318D2EFB62EA01CADAC290D /* Pods-Student Schedule Planner.debug.xcconfig */,
				8E06086E3544786A6DA9157B /* Pods-Student Schedule Planner.release.xcconfig */,
			);
			path = Pods;
			sourceTree = "<group>";
		};
/* End PBXGroup section */

/* Begin PBXNativeTarget section */
		3F383E572486B25E00D2A5D1 /* UniPlan */ = {
			isa = PBXNativeTarget;
			buildConfigurationList = 3F383E6C2486B26100D2A5D1 /* Build configuration list for PBXNativeTarget "UniPlan" */;
			buildPhases = (
				CDFA78004CD7BEE36F399C4A /* [CP] Check Pods Manifest.lock */,
				3F383E542486B25E00D2A5D1 /* Sources */,
				3F383E552486B25E00D2A5D1 /* Frameworks */,
				3F383E562486B25E00D2A5D1 /* Resources */,
				9469DA5965599EDF95BE894F /* [CP] Embed Pods Frameworks */,
			);
			buildRules = (
			);
			dependencies = (
			);
			name = UniPlan;
			packageProductDependencies = (
				3F67BC002489AB6E00BFD6E5 /* SwipeCellKit */,
			);
			productName = "Student Schedule Planner";
			productReference = 3F383E582486B25E00D2A5D1 /* UniPlan.app */;
			productType = "com.apple.product-type.application";
		};
/* End PBXNativeTarget section */

/* Begin PBXProject section */
		3F383E502486B25E00D2A5D1 /* Project object */ = {
			isa = PBXProject;
			attributes = {
				LastSwiftUpdateCheck = 1150;
				LastUpgradeCheck = 1150;
				ORGANIZATIONNAME = "Sebastian Danson";
				TargetAttributes = {
					3F383E572486B25E00D2A5D1 = {
						CreatedOnToolsVersion = 11.5;
					};
				};
			};
			buildConfigurationList = 3F383E532486B25E00D2A5D1 /* Build configuration list for PBXProject "UniPlan" */;
			compatibilityVersion = "Xcode 9.3";
			developmentRegion = en;
			hasScannedForEncodings = 0;
			knownRegions = (
				en,
				Base,
			);
			mainGroup = 3F383E4F2486B25E00D2A5D1;
			packageReferences = (
				3F67BBFF2489AB6E00BFD6E5 /* XCRemoteSwiftPackageReference "SwipeCellKit" */,
			);
			productRefGroup = 3F383E592486B25E00D2A5D1 /* Products */;
			projectDirPath = "";
			projectRoot = "";
			targets = (
				3F383E572486B25E00D2A5D1 /* UniPlan */,
			);
		};
/* End PBXProject section */

/* Begin PBXResourcesBuildPhase section */
		3F383E562486B25E00D2A5D1 /* Resources */ = {
			isa = PBXResourcesBuildPhase;
			buildActionMask = 2147483647;
			files = (
				3F383E682486B26100D2A5D1 /* LaunchScreen.storyboard in Resources */,
				3F383E652486B26100D2A5D1 /* Assets.xcassets in Resources */,
			);
			runOnlyForDeploymentPostprocessing = 0;
		};
/* End PBXResourcesBuildPhase section */

/* Begin PBXShellScriptBuildPhase section */
		9469DA5965599EDF95BE894F /* [CP] Embed Pods Frameworks */ = {
			isa = PBXShellScriptBuildPhase;
			buildActionMask = 2147483647;
			files = (
			);
			inputFileListPaths = (
				"${PODS_ROOT}/Target Support Files/Pods-Student Schedule Planner/Pods-Student Schedule Planner-frameworks-${CONFIGURATION}-input-files.xcfilelist",
			);
			name = "[CP] Embed Pods Frameworks";
			outputFileListPaths = (
				"${PODS_ROOT}/Target Support Files/Pods-Student Schedule Planner/Pods-Student Schedule Planner-frameworks-${CONFIGURATION}-output-files.xcfilelist",
			);
			runOnlyForDeploymentPostprocessing = 0;
			shellPath = /bin/sh;
			shellScript = "\"${PODS_ROOT}/Target Support Files/Pods-Student Schedule Planner/Pods-Student Schedule Planner-frameworks.sh\"\n";
			showEnvVarsInLog = 0;
		};
		CDFA78004CD7BEE36F399C4A /* [CP] Check Pods Manifest.lock */ = {
			isa = PBXShellScriptBuildPhase;
			buildActionMask = 2147483647;
			files = (
			);
			inputFileListPaths = (
			);
			inputPaths = (
				"${PODS_PODFILE_DIR_PATH}/Podfile.lock",
				"${PODS_ROOT}/Manifest.lock",
			);
			name = "[CP] Check Pods Manifest.lock";
			outputFileListPaths = (
			);
			outputPaths = (
				"$(DERIVED_FILE_DIR)/Pods-Student Schedule Planner-checkManifestLockResult.txt",
			);
			runOnlyForDeploymentPostprocessing = 0;
			shellPath = /bin/sh;
			shellScript = "diff \"${PODS_PODFILE_DIR_PATH}/Podfile.lock\" \"${PODS_ROOT}/Manifest.lock\" > /dev/null\nif [ $? != 0 ] ; then\n    # print error to STDERR\n    echo \"error: The sandbox is not in sync with the Podfile.lock. Run 'pod install' or update your CocoaPods installation.\" >&2\n    exit 1\nfi\n# This output is used by Xcode 'outputs' to avoid re-running this script phase.\necho \"SUCCESS\" > \"${SCRIPT_OUTPUT_FILE_0}\"\n";
			showEnvVarsInLog = 0;
		};
/* End PBXShellScriptBuildPhase section */

/* Begin PBXSourcesBuildPhase section */
		3F383E542486B25E00D2A5D1 /* Sources */ = {
			isa = PBXSourcesBuildPhase;
			buildActionMask = 2147483647;
			files = (
				3F94E32724968FED00B0F958 /* QuizAndExamCell.swift in Sources */,
				3F0AEB1624BA8284001501F3 /* Note.swift in Sources */,
				3FA87E3A24BFA09200FEC176 /* WeekViewController.swift in Sources */,
				3F94E2C72492963400B0F958 /* Course.swift in Sources */,
				3F67BC27248EDE4200BFD6E5 /* SetReminderViewController.swift in Sources */,
				3FA87E3C24BFA53800FEC176 /* WeekCell.swift in Sources */,
				3F94E2C924929CF600B0F958 /* AllCoursesService.swift in Sources */,
				3F0AEB2424BBBBC7001501F3 /* Routine.swift in Sources */,
				3F94E2D12492CD0100B0F958 /* CourseDetailsViewController.swift in Sources */,
				3F0AEB1C24BB617D001501F3 /* SwipeNoCompleteViewController.swift in Sources */,
				3F94E3292496A90500B0F958 /* AddClassViewController.swift in Sources */,
				3F94E3212495A35B00B0F958 /* SingleClassCell.swift in Sources */,
				3F94E2D52492E3B700B0F958 /* SwipeCompleteViewController.swift in Sources */,
				3F59234624A13798008F45D6 /* Assignment.swift in Sources */,
				3FAEC84024992C2A000ADD9D /* AddQuizAndExamViewController.swift in Sources */,
				3F5923C424AC0C13008F45D6 /* SelectSummativeTypeViewController.swift in Sources */,
				3F67BC05248C7B9E00BFD6E5 /* TaskService.swift in Sources */,
				3F59239C24A17677008F45D6 /* PentagonView.swift in Sources */,
				3F383E7A2486BD0600D2A5D1 /* Factories.swift in Sources */,
				3F0AEB1824BA83C7001501F3 /* NoteCell.swift in Sources */,
				3F383E782486B45B00D2A5D1 /* Extensions.swift in Sources */,
				3FAEC83C2499242C000ADD9D /* AddAssignmentViewController.swift in Sources */,
				3F0AEB2B24BCD0AB001501F3 /* AddNotesViewController.swift in Sources */,
				3F67BBFC24893AF100BFD6E5 /* Task.swift in Sources */,
				3F383E732486B2EE00D2A5D1 /* TimelineViewController.swift in Sources */,
				3F94E2D72492FDD100B0F958 /* TabBarController.swift in Sources */,
				3F0AEB2924BBC295001501F3 /* RoutineService.swift in Sources */,
				3F0AEB1E24BB79A0001501F3 /* NotesViewControlelr.swift in Sources */,
				3FAEC83A2497FD1A000ADD9D /* CourseService.swift in Sources */,
				3FAEC84A249BF85A000ADD9D /* AddCourseViewController.swift in Sources */,
				3F94E3252496895900B0F958 /* AssignmentCell.swift in Sources */,
				3F67BC29248EE6AA00BFD6E5 /* PickerViewController.swift in Sources */,
				3F67BBF324880F1B00BFD6E5 /* TaskCell.swift in Sources */,
				3F63BF9524B7CB0B00404806 /* ColorsViewController.swift in Sources */,
				3F383E5C2486B25E00D2A5D1 /* AppDelegate.swift in Sources */,
				3F5923BE24AA9FCC008F45D6 /* SummativesViewController.swift in Sources */,
				3F94E2CD2492A68B00B0F958 /* CourseCell.swift in Sources */,
				3F94E32D2496E15E00B0F958 /* ClassTypeAndRepeatsViewController.swift in Sources */,
				3FAEC82E2496FCC1000ADD9D /* SingleClassService.swift in Sources */,
				3FAEC8262496F816000ADD9D /* SingleClass.swift in Sources */,
				3F383E5E2486B25E00D2A5D1 /* SceneDelegate.swift in Sources */,
				3F67BBF124872A4C00BFD6E5 /* AddTaskViewController.swift in Sources */,
				3F94E2CB24929E4200B0F958 /* CoursesViewController.swift in Sources */,
				3F0AEB2224BBB9C3001501F3 /* RoutinesViewController.swift in Sources */,
			);
			runOnlyForDeploymentPostprocessing = 0;
		};
/* End PBXSourcesBuildPhase section */

/* Begin PBXVariantGroup section */
		3F383E662486B26100D2A5D1 /* LaunchScreen.storyboard */ = {
			isa = PBXVariantGroup;
			children = (
				3F383E672486B26100D2A5D1 /* Base */,
			);
			name = LaunchScreen.storyboard;
			sourceTree = "<group>";
		};
/* End PBXVariantGroup section */

/* Begin XCBuildConfiguration section */
		3F383E6A2486B26100D2A5D1 /* Debug */ = {
			isa = XCBuildConfiguration;
			buildSettings = {
				ALWAYS_SEARCH_USER_PATHS = NO;
				CLANG_ANALYZER_NONNULL = YES;
				CLANG_ANALYZER_NUMBER_OBJECT_CONVERSION = YES_AGGRESSIVE;
				CLANG_CXX_LANGUAGE_STANDARD = "gnu++14";
				CLANG_CXX_LIBRARY = "libc++";
				CLANG_ENABLE_MODULES = YES;
				CLANG_ENABLE_OBJC_ARC = YES;
				CLANG_ENABLE_OBJC_WEAK = YES;
				CLANG_WARN_BLOCK_CAPTURE_AUTORELEASING = YES;
				CLANG_WARN_BOOL_CONVERSION = YES;
				CLANG_WARN_COMMA = YES;
				CLANG_WARN_CONSTANT_CONVERSION = YES;
				CLANG_WARN_DEPRECATED_OBJC_IMPLEMENTATIONS = YES;
				CLANG_WARN_DIRECT_OBJC_ISA_USAGE = YES_ERROR;
				CLANG_WARN_DOCUMENTATION_COMMENTS = YES;
				CLANG_WARN_EMPTY_BODY = YES;
				CLANG_WARN_ENUM_CONVERSION = YES;
				CLANG_WARN_INFINITE_RECURSION = YES;
				CLANG_WARN_INT_CONVERSION = YES;
				CLANG_WARN_NON_LITERAL_NULL_CONVERSION = YES;
				CLANG_WARN_OBJC_IMPLICIT_RETAIN_SELF = YES;
				CLANG_WARN_OBJC_LITERAL_CONVERSION = YES;
				CLANG_WARN_OBJC_ROOT_CLASS = YES_ERROR;
				CLANG_WARN_RANGE_LOOP_ANALYSIS = YES;
				CLANG_WARN_STRICT_PROTOTYPES = YES;
				CLANG_WARN_SUSPICIOUS_MOVE = YES;
				CLANG_WARN_UNGUARDED_AVAILABILITY = YES_AGGRESSIVE;
				CLANG_WARN_UNREACHABLE_CODE = YES;
				CLANG_WARN__DUPLICATE_METHOD_MATCH = YES;
				COPY_PHASE_STRIP = NO;
				DEBUG_INFORMATION_FORMAT = dwarf;
				ENABLE_STRICT_OBJC_MSGSEND = YES;
				ENABLE_TESTABILITY = YES;
				GCC_C_LANGUAGE_STANDARD = gnu11;
				GCC_DYNAMIC_NO_PIC = NO;
				GCC_NO_COMMON_BLOCKS = YES;
				GCC_OPTIMIZATION_LEVEL = 0;
				GCC_PREPROCESSOR_DEFINITIONS = (
					"DEBUG=1",
					"$(inherited)",
				);
				GCC_WARN_64_TO_32_BIT_CONVERSION = YES;
				GCC_WARN_ABOUT_RETURN_TYPE = YES_ERROR;
				GCC_WARN_UNDECLARED_SELECTOR = YES;
				GCC_WARN_UNINITIALIZED_AUTOS = YES_AGGRESSIVE;
				GCC_WARN_UNUSED_FUNCTION = YES;
				GCC_WARN_UNUSED_VARIABLE = YES;
				IPHONEOS_DEPLOYMENT_TARGET = 13.5;
				MTL_ENABLE_DEBUG_INFO = INCLUDE_SOURCE;
				MTL_FAST_MATH = YES;
				ONLY_ACTIVE_ARCH = YES;
				SDKROOT = iphoneos;
				SWIFT_ACTIVE_COMPILATION_CONDITIONS = DEBUG;
				SWIFT_OPTIMIZATION_LEVEL = "-Onone";
			};
			name = Debug;
		};
		3F383E6B2486B26100D2A5D1 /* Release */ = {
			isa = XCBuildConfiguration;
			buildSettings = {
				ALWAYS_SEARCH_USER_PATHS = NO;
				CLANG_ANALYZER_NONNULL = YES;
				CLANG_ANALYZER_NUMBER_OBJECT_CONVERSION = YES_AGGRESSIVE;
				CLANG_CXX_LANGUAGE_STANDARD = "gnu++14";
				CLANG_CXX_LIBRARY = "libc++";
				CLANG_ENABLE_MODULES = YES;
				CLANG_ENABLE_OBJC_ARC = YES;
				CLANG_ENABLE_OBJC_WEAK = YES;
				CLANG_WARN_BLOCK_CAPTURE_AUTORELEASING = YES;
				CLANG_WARN_BOOL_CONVERSION = YES;
				CLANG_WARN_COMMA = YES;
				CLANG_WARN_CONSTANT_CONVERSION = YES;
				CLANG_WARN_DEPRECATED_OBJC_IMPLEMENTATIONS = YES;
				CLANG_WARN_DIRECT_OBJC_ISA_USAGE = YES_ERROR;
				CLANG_WARN_DOCUMENTATION_COMMENTS = YES;
				CLANG_WARN_EMPTY_BODY = YES;
				CLANG_WARN_ENUM_CONVERSION = YES;
				CLANG_WARN_INFINITE_RECURSION = YES;
				CLANG_WARN_INT_CONVERSION = YES;
				CLANG_WARN_NON_LITERAL_NULL_CONVERSION = YES;
				CLANG_WARN_OBJC_IMPLICIT_RETAIN_SELF = YES;
				CLANG_WARN_OBJC_LITERAL_CONVERSION = YES;
				CLANG_WARN_OBJC_ROOT_CLASS = YES_ERROR;
				CLANG_WARN_RANGE_LOOP_ANALYSIS = YES;
				CLANG_WARN_STRICT_PROTOTYPES = YES;
				CLANG_WARN_SUSPICIOUS_MOVE = YES;
				CLANG_WARN_UNGUARDED_AVAILABILITY = YES_AGGRESSIVE;
				CLANG_WARN_UNREACHABLE_CODE = YES;
				CLANG_WARN__DUPLICATE_METHOD_MATCH = YES;
				COPY_PHASE_STRIP = NO;
				DEBUG_INFORMATION_FORMAT = "dwarf-with-dsym";
				ENABLE_NS_ASSERTIONS = NO;
				ENABLE_STRICT_OBJC_MSGSEND = YES;
				GCC_C_LANGUAGE_STANDARD = gnu11;
				GCC_NO_COMMON_BLOCKS = YES;
				GCC_WARN_64_TO_32_BIT_CONVERSION = YES;
				GCC_WARN_ABOUT_RETURN_TYPE = YES_ERROR;
				GCC_WARN_UNDECLARED_SELECTOR = YES;
				GCC_WARN_UNINITIALIZED_AUTOS = YES_AGGRESSIVE;
				GCC_WARN_UNUSED_FUNCTION = YES;
				GCC_WARN_UNUSED_VARIABLE = YES;
				IPHONEOS_DEPLOYMENT_TARGET = 13.5;
				MTL_ENABLE_DEBUG_INFO = NO;
				MTL_FAST_MATH = YES;
				SDKROOT = iphoneos;
				SWIFT_COMPILATION_MODE = wholemodule;
				SWIFT_OPTIMIZATION_LEVEL = "-O";
				VALIDATE_PRODUCT = YES;
			};
			name = Release;
		};
		3F383E6D2486B26100D2A5D1 /* Debug */ = {
			isa = XCBuildConfiguration;
			baseConfigurationReference = 9318D2EFB62EA01CADAC290D /* Pods-Student Schedule Planner.debug.xcconfig */;
			buildSettings = {
				ASSETCATALOG_COMPILER_APPICON_NAME = AppIcon;
				CODE_SIGN_STYLE = Automatic;
				DEVELOPMENT_TEAM = S5GWMTL4BM;
				INFOPLIST_FILE = "Student Schedule Planner/Info.plist";
				IPHONEOS_DEPLOYMENT_TARGET = 13.0;
				LD_RUNPATH_SEARCH_PATHS = (
					"$(inherited)",
					"@executable_path/Frameworks",
				);
				MARKETING_VERSION = 1.2;
				PRODUCT_BUNDLE_IDENTIFIER = com.SebastianDanson.UniPlan;
				PRODUCT_NAME = "$(TARGET_NAME)";
				SWIFT_VERSION = 5.0;
				TARGETED_DEVICE_FAMILY = 1;
			};
			name = Debug;
		};
		3F383E6E2486B26100D2A5D1 /* Release */ = {
			isa = XCBuildConfiguration;
			baseConfigurationReference = 8E06086E3544786A6DA9157B /* Pods-Student Schedule Planner.release.xcconfig */;
			buildSettings = {
				ASSETCATALOG_COMPILER_APPICON_NAME = AppIcon;
				CODE_SIGN_STYLE = Automatic;
				DEVELOPMENT_TEAM = S5GWMTL4BM;
				INFOPLIST_FILE = "Student Schedule Planner/Info.plist";
				IPHONEOS_DEPLOYMENT_TARGET = 13.0;
				LD_RUNPATH_SEARCH_PATHS = (
					"$(inherited)",
					"@executable_path/Frameworks",
				);
				MARKETING_VERSION = 1.2;
				PRODUCT_BUNDLE_IDENTIFIER = com.SebastianDanson.UniPlan;
				PRODUCT_NAME = "$(TARGET_NAME)";
				SWIFT_VERSION = 5.0;
				TARGETED_DEVICE_FAMILY = 1;
			};
			name = Release;
		};
/* End XCBuildConfiguration section */

/* Begin XCConfigurationList section */
		3F383E532486B25E00D2A5D1 /* Build configuration list for PBXProject "UniPlan" */ = {
			isa = XCConfigurationList;
			buildConfigurations = (
				3F383E6A2486B26100D2A5D1 /* Debug */,
				3F383E6B2486B26100D2A5D1 /* Release */,
			);
			defaultConfigurationIsVisible = 0;
			defaultConfigurationName = Release;
		};
		3F383E6C2486B26100D2A5D1 /* Build configuration list for PBXNativeTarget "UniPlan" */ = {
			isa = XCConfigurationList;
			buildConfigurations = (
				3F383E6D2486B26100D2A5D1 /* Debug */,
				3F383E6E2486B26100D2A5D1 /* Release */,
			);
			defaultConfigurationIsVisible = 0;
			defaultConfigurationName = Release;
		};
/* End XCConfigurationList section */

/* Begin XCRemoteSwiftPackageReference section */
		3F67BBFF2489AB6E00BFD6E5 /* XCRemoteSwiftPackageReference "SwipeCellKit" */ = {
			isa = XCRemoteSwiftPackageReference;
			repositoryURL = "https://github.com/SwipeCellKit/SwipeCellKit.git";
			requirement = {
				kind = upToNextMajorVersion;
				minimumVersion = 2.7.1;
			};
		};
/* End XCRemoteSwiftPackageReference section */

/* Begin XCSwiftPackageProductDependency section */
		3F67BC002489AB6E00BFD6E5 /* SwipeCellKit */ = {
			isa = XCSwiftPackageProductDependency;
			package = 3F67BBFF2489AB6E00BFD6E5 /* XCRemoteSwiftPackageReference "SwipeCellKit" */;
			productName = SwipeCellKit;
		};
/* End XCSwiftPackageProductDependency section */
	};
	rootObject = 3F383E502486B25E00D2A5D1 /* Project object */;
}
